
Microsoft Visual Studio Solution File, Format Version 12.00
# Visual Studio 15
VisualStudioVersion = 15.0.28307.1022
MinimumVisualStudioVersion = 10.0.40219.1
Project("{D2ABAB84-BF74-430A-B69E-9DC6D40DDA17}") = "WideWorldImportersOrdersDM", "WideWorldImportersOrderDM\WideWorldImportersOrdersDM.dwproj", "{CC71CE40-EB9A-4DE7-B80A-F9000B0005D8}"
EndProject
Project("{D2ABAB84-BF74-430A-B69E-9DC6D40DDA17}") = "OrderAnalisysCube", "OrderAnalisysCube\OrderAnalisysCube.dwproj", "{E37E351E-806A-4C8D-A44C-B2CADFABFB4B}"
EndProject
Project("{F14B399A-7131-4C87-9E4B-1186C45EF12D}") = "Report Project Test", "Report Project Test\Report Project Test.rptproj", "{2D5FE310-A40B-478B-A4BD-21E0F2F5C3CF}"
EndProject
Project("{D2ABAB84-BF74-430A-B69E-9DC6D40DDA17}") = "SalesDM", "SalesDM\SalesDM.dwproj", "{6670DD1A-4091-4C47-906B-4E70F7116C4C}"
EndProject
Project("{D2ABAB84-BF74-430A-B69E-9DC6D40DDA17}") = "SalesAnalisysCube", "SalesAnalisysCube\SalesAnalisysCube.dwproj", "{5DA771D9-2280-45CA-B5EF-13515F27BFDC}"
EndProject
Project("{F14B399A-7131-4C87-9E4B-1186C45EF12D}") = "Sales Report", "Sales Report\Sales Report.rptproj", "{9BF198B2-E126-4F3F-A5C7-A86B73DAC496}"
EndProject
Project("{6870E480-7721-4708-BFB8-9AE898AA21B3}") = "SalesTabularProject", "SalesTabularProject\SalesTabularProject.smproj", "{8CE414BB-95B2-4C99-9E03-51BA72086E22}"
EndProject
Project("{159641D6-6404-4A2A-AE62-294DE0FE8301}") = "DM_populate_ssis", "DM_populate_ssis\DM_populate_ssis.dtproj", "{568B09FC-09F4-4CAE-90B3-71F5D7C5CF0C}"
EndProject
Global
	GlobalSection(SolutionConfigurationPlatforms) = preSolution
		Debug|x86 = Debug|x86
		DebugLocal|x86 = DebugLocal|x86
		Development|x86 = Development|x86
		Release|x86 = Release|x86
	EndGlobalSection
	GlobalSection(ProjectConfigurationPlatforms) = postSolution
		{CC71CE40-EB9A-4DE7-B80A-F9000B0005D8}.Debug|x86.ActiveCfg = Development
		{CC71CE40-EB9A-4DE7-B80A-F9000B0005D8}.Debug|x86.Build.0 = Development
		{CC71CE40-EB9A-4DE7-B80A-F9000B0005D8}.Debug|x86.Deploy.0 = Development
		{CC71CE40-EB9A-4DE7-B80A-F9000B0005D8}.DebugLocal|x86.ActiveCfg = Development
		{CC71CE40-EB9A-4DE7-B80A-F9000B0005D8}.DebugLocal|x86.Build.0 = Development
		{CC71CE40-EB9A-4DE7-B80A-F9000B0005D8}.DebugLocal|x86.Deploy.0 = Development
		{CC71CE40-EB9A-4DE7-B80A-F9000B0005D8}.Development|x86.ActiveCfg = Development
		{CC71CE40-EB9A-4DE7-B80A-F9000B0005D8}.Development|x86.Build.0 = Development
		{CC71CE40-EB9A-4DE7-B80A-F9000B0005D8}.Development|x86.Deploy.0 = Development
		{CC71CE40-EB9A-4DE7-B80A-F9000B0005D8}.Release|x86.ActiveCfg = Development
		{CC71CE40-EB9A-4DE7-B80A-F9000B0005D8}.Release|x86.Build.0 = Development
		{CC71CE40-EB9A-4DE7-B80A-F9000B0005D8}.Release|x86.Deploy.0 = Development
		{E37E351E-806A-4C8D-A44C-B2CADFABFB4B}.Debug|x86.ActiveCfg = Development
		{E37E351E-806A-4C8D-A44C-B2CADFABFB4B}.Debug|x86.Build.0 = Development
		{E37E351E-806A-4C8D-A44C-B2CADFABFB4B}.Debug|x86.Deploy.0 = Development
		{E37E351E-806A-4C8D-A44C-B2CADFABFB4B}.DebugLocal|x86.ActiveCfg = Development
		{E37E351E-806A-4C8D-A44C-B2CADFABFB4B}.DebugLocal|x86.Build.0 = Development
		{E37E351E-806A-4C8D-A44C-B2CADFABFB4B}.DebugLocal|x86.Deploy.0 = Development
		{E37E351E-806A-4C8D-A44C-B2CADFABFB4B}.Development|x86.ActiveCfg = Development
		{E37E351E-806A-4C8D-A44C-B2CADFABFB4B}.Development|x86.Build.0 = Development
		{E37E351E-806A-4C8D-A44C-B2CADFABFB4B}.Development|x86.Deploy.0 = Development
		{E37E351E-806A-4C8D-A44C-B2CADFABFB4B}.Release|x86.ActiveCfg = Development
		{E37E351E-806A-4C8D-A44C-B2CADFABFB4B}.Release|x86.Build.0 = Development
		{E37E351E-806A-4C8D-A44C-B2CADFABFB4B}.Release|x86.Deploy.0 = Development
		{2D5FE310-A40B-478B-A4BD-21E0F2F5C3CF}.Debug|x86.ActiveCfg = Debug
		{2D5FE310-A40B-478B-A4BD-21E0F2F5C3CF}.Debug|x86.Build.0 = Debug
		{2D5FE310-A40B-478B-A4BD-21E0F2F5C3CF}.Debug|x86.Deploy.0 = Debug
		{2D5FE310-A40B-478B-A4BD-21E0F2F5C3CF}.DebugLocal|x86.ActiveCfg = DebugLocal
		{2D5FE310-A40B-478B-A4BD-21E0F2F5C3CF}.DebugLocal|x86.Build.0 = DebugLocal
		{2D5FE310-A40B-478B-A4BD-21E0F2F5C3CF}.DebugLocal|x86.Deploy.0 = DebugLocal
		{2D5FE310-A40B-478B-A4BD-21E0F2F5C3CF}.Development|x86.ActiveCfg = 
		{2D5FE310-A40B-478B-A4BD-21E0F2F5C3CF}.Development|x86.Build.0 = 
		{2D5FE310-A40B-478B-A4BD-21E0F2F5C3CF}.Development|x86.Deploy.0 = 
		{2D5FE310-A40B-478B-A4BD-21E0F2F5C3CF}.Release|x86.ActiveCfg = Release
		{2D5FE310-A40B-478B-A4BD-21E0F2F5C3CF}.Release|x86.Build.0 = Release
		{2D5FE310-A40B-478B-A4BD-21E0F2F5C3CF}.Release|x86.Deploy.0 = Release
		{6670DD1A-4091-4C47-906B-4E70F7116C4C}.Debug|x86.ActiveCfg = Development
		{6670DD1A-4091-4C47-906B-4E70F7116C4C}.Debug|x86.Build.0 = Development
		{6670DD1A-4091-4C47-906B-4E70F7116C4C}.Debug|x86.Deploy.0 = Development
		{6670DD1A-4091-4C47-906B-4E70F7116C4C}.DebugLocal|x86.ActiveCfg = Development
		{6670DD1A-4091-4C47-906B-4E70F7116C4C}.DebugLocal|x86.Build.0 = Development
		{6670DD1A-4091-4C47-906B-4E70F7116C4C}.DebugLocal|x86.Deploy.0 = Development
		{6670DD1A-4091-4C47-906B-4E70F7116C4C}.Development|x86.ActiveCfg = Development
		{6670DD1A-4091-4C47-906B-4E70F7116C4C}.Development|x86.Build.0 = Development
		{6670DD1A-4091-4C47-906B-4E70F7116C4C}.Development|x86.Deploy.0 = Development
		{6670DD1A-4091-4C47-906B-4E70F7116C4C}.Release|x86.ActiveCfg = Development
		{6670DD1A-4091-4C47-906B-4E70F7116C4C}.Release|x86.Build.0 = Development
		{6670DD1A-4091-4C47-906B-4E70F7116C4C}.Release|x86.Deploy.0 = Development
		{5DA771D9-2280-45CA-B5EF-13515F27BFDC}.Debug|x86.ActiveCfg = Development
		{5DA771D9-2280-45CA-B5EF-13515F27BFDC}.Debug|x86.Build.0 = Development
		{5DA771D9-2280-45CA-B5EF-13515F27BFDC}.Debug|x86.Deploy.0 = Development
		{5DA771D9-2280-45CA-B5EF-13515F27BFDC}.DebugLocal|x86.ActiveCfg = Development
		{5DA771D9-2280-45CA-B5EF-13515F27BFDC}.DebugLocal|x86.Build.0 = Development
		{5DA771D9-2280-45CA-B5EF-13515F27BFDC}.DebugLocal|x86.Deploy.0 = Development
		{5DA771D9-2280-45CA-B5EF-13515F27BFDC}.Development|x86.ActiveCfg = Development
		{5DA771D9-2280-45CA-B5EF-13515F27BFDC}.Development|x86.Build.0 = Development
		{5DA771D9-2280-45CA-B5EF-13515F27BFDC}.Development|x86.Deploy.0 = Development
		{5DA771D9-2280-45CA-B5EF-13515F27BFDC}.Release|x86.ActiveCfg = Development
		{5DA771D9-2280-45CA-B5EF-13515F27BFDC}.Release|x86.Build.0 = Development
		{5DA771D9-2280-45CA-B5EF-13515F27BFDC}.Release|x86.Deploy.0 = Development
		{9BF198B2-E126-4F3F-A5C7-A86B73DAC496}.Debug|x86.ActiveCfg = Debug
		{9BF198B2-E126-4F3F-A5C7-A86B73DAC496}.Debug|x86.Build.0 = Debug
		{9BF198B2-E126-4F3F-A5C7-A86B73DAC496}.Debug|x86.Deploy.0 = Debug
		{9BF198B2-E126-4F3F-A5C7-A86B73DAC496}.DebugLocal|x86.ActiveCfg = DebugLocal
		{9BF198B2-E126-4F3F-A5C7-A86B73DAC496}.DebugLocal|x86.Build.0 = DebugLocal
		{9BF198B2-E126-4F3F-A5C7-A86B73DAC496}.DebugLocal|x86.Deploy.0 = DebugLocal
		{9BF198B2-E126-4F3F-A5C7-A86B73DAC496}.Development|x86.ActiveCfg = 
		{9BF198B2-E126-4F3F-A5C7-A86B73DAC496}.Development|x86.Build.0 = 
		{9BF198B2-E126-4F3F-A5C7-A86B73DAC496}.Development|x86.Deploy.0 = 
		{9BF198B2-E126-4F3F-A5C7-A86B73DAC496}.Release|x86.ActiveCfg = Release
		{9BF198B2-E126-4F3F-A5C7-A86B73DAC496}.Release|x86.Build.0 = Release
		{9BF198B2-E126-4F3F-A5C7-A86B73DAC496}.Release|x86.Deploy.0 = Release
		{8CE414BB-95B2-4C99-9E03-51BA72086E22}.Debug|x86.ActiveCfg = Development|x86
		{8CE414BB-95B2-4C99-9E03-51BA72086E22}.Debug|x86.Build.0 = Development|x86
		{8CE414BB-95B2-4C99-9E03-51BA72086E22}.Debug|x86.Deploy.0 = Development|x86
		{8CE414BB-95B2-4C99-9E03-51BA72086E22}.DebugLocal|x86.ActiveCfg = Development|x86
		{8CE414BB-95B2-4C99-9E03-51BA72086E22}.DebugLocal|x86.Build.0 = Development|x86
		{8CE414BB-95B2-4C99-9E03-51BA72086E22}.DebugLocal|x86.Deploy.0 = Development|x86
		{8CE414BB-95B2-4C99-9E03-51BA72086E22}.Development|x86.ActiveCfg = Development|x86
		{8CE414BB-95B2-4C99-9E03-51BA72086E22}.Development|x86.Build.0 = Development|x86
		{8CE414BB-95B2-4C99-9E03-51BA72086E22}.Development|x86.Deploy.0 = Development|x86
		{8CE414BB-95B2-4C99-9E03-51BA72086E22}.Release|x86.ActiveCfg = Development|x86
		{8CE414BB-95B2-4C99-9E03-51BA72086E22}.Release|x86.Build.0 = Development|x86
		{8CE414BB-95B2-4C99-9E03-51BA72086E22}.Release|x86.Deploy.0 = Development|x86
		{568B09FC-09F4-4CAE-90B3-71F5D7C5CF0C}.Debug|x86.ActiveCfg = Development
		{568B09FC-09F4-4CAE-90B3-71F5D7C5CF0C}.Debug|x86.Build.0 = Development
		{568B09FC-09F4-4CAE-90B3-71F5D7C5CF0C}.DebugLocal|x86.ActiveCfg = Development
		{568B09FC-09F4-4CAE-90B3-71F5D7C5CF0C}.DebugLocal|x86.Build.0 = Development
		{568B09FC-09F4-4CAE-90B3-71F5D7C5CF0C}.Development|x86.ActiveCfg = Development
		{568B09FC-09F4-4CAE-90B3-71F5D7C5CF0C}.Development|x86.Build.0 = Development
		{568B09FC-09F4-4CAE-90B3-71F5D7C5CF0C}.Release|x86.ActiveCfg = Development
		{568B09FC-09F4-4CAE-90B3-71F5D7C5CF0C}.Release|x86.Build.0 = Development
	EndGlobalSection
	GlobalSection(SolutionProperties) = preSolution
		HideSolutionNode = FALSE
	EndGlobalSection
	GlobalSection(ExtensibilityGlobals) = postSolution
		SolutionGuid = {6DC5D806-15C8-437D-A61C-A356ECF49834}
	EndGlobalSection
EndGlobal
